
Microsoft Visual Studio Solution File, Format Version 12.00
# Visual Studio 15
VisualStudioVersion = 15.0.27130.2024
MinimumVisualStudioVersion = 10.0.40219.1
Project("{8BC9CEB8-8B4A-11D0-8D11-00A0C91BC942}") = "DE_MSG", "DE_MSG\DE_MSG.vcxproj", "{BCA4A967-F833-45AC-99ED-54691D675AAA}"
EndProject
Global
	GlobalSection(SolutionConfigurationPlatforms) = preSolution
		Debug|x64 = Debug|x64
		Debug|x86 = Debug|x86
		Release|x64 = Release|x64
		Release|x86 = Release|x86
	EndGlobalSection
	GlobalSection(ProjectConfigurationPlatforms) = postSolution
		{BCA4A967-F833-45AC-99ED-54691D675AAA}.Debug|x64.ActiveCfg = Debug|x64
		{BCA4A967-F833-45AC-99ED-54691D675AAA}.Debug|x64.Build.0 = Debug|x64
		{BCA4A967-F833-45AC-99ED-54691D675AAA}.Debug|x86.ActiveCfg = Debug|Win32
		{BCA4A967-F833-45AC-99ED-54691D675AAA}.Debug|x86.Build.0 = Debug|Win32
		{BCA4A967-F833-45AC-99ED-54691D675AAA}.Release|x64.ActiveCfg = Release|x64
		{BCA4A967-F833-45AC-99ED-54691D675AAA}.Release|x64.Build.0 = Release|x64
		{BCA4A967-F833-45AC-99ED-54691D675AAA}.Release|x86.ActiveCfg = Release|Win32
		{BCA4A967-F833-45AC-99ED-54691D675AAA}.Release|x86.Build.0 = Release|Win32
	EndGlobalSection
	GlobalSection(SolutionProperties) = preSolution
		HideSolutionNode = FALSE
	EndGlobalSection
	GlobalSection(ExtensibilityGlobals) = postSolution
		SolutionGuid = {D8B2AB21-C8C9-46EC-9562-095F0BC76783}
	EndGlobalSection
EndGlobal
